<?xml version="1.0" encoding="utf-8"?>
<Project ToolsVersion="4.0" xmlns="http://schemas.microsoft.com/developer/msbuild/2003">
  <ItemGroup>
    <Filter Include="Исходные файлы">
      <UniqueIdentifier>{4FC737F1-C7A5-4376-A066-2A32D752A2FF}</UniqueIdentifier>
      <Extensions>cpp;c;cc;cxx;def;odl;idl;hpj;bat;asm;asmx</Extensions>
    </Filter>
    <Filter Include="Файлы заголовков">
      <UniqueIdentifier>{93995380-89BD-4b04-88EB-625FBE52EBFB}</UniqueIdentifier>
      <Extensions>h;hh;hpp;hxx;hm;inl;inc;ipp;xsd</Extensions>
    </Filter>
    <Filter Include="Файлы ресурсов">
      <UniqueIdentifier>{67DA6AB6-F800-4c08-8B7A-83BB121AAD01}</UniqueIdentifier>
      <Extensions>rc;ico;cur;bmp;dlg;rc2;rct;bin;rgs;gif;jpg;jpeg;jpe;resx;tiff;tif;png;wav;mfcribbon-ms</Extensions>
    </Filter>
    <Filter Include="Исходные файлы\App">
      <UniqueIdentifier>{fa012e63-ae60-441a-bacd-42a4d51f6f11}</UniqueIdentifier>
    </Filter>
    <Filter Include="Файлы заголовков\App">
      <UniqueIdentifier>{c80c53d9-931d-4561-b2f2-c59b20d93157}</UniqueIdentifier>
    </Filter>
    <Filter Include="Исходные файлы\Static">
      <UniqueIdentifier>{58a7fb04-320a-46d2-a71f-1a78cff94d99}</UniqueIdentifier>
    </Filter>
    <Filter Include="Файлы заголовков\Static">
      <UniqueIdentifier>{02dadbed-8ac5-4cca-85c6-31981a8247a1}</UniqueIdentifier>
    </Filter>
    <Filter Include="Файлы заголовков\Scene">
      <UniqueIdentifier>{3f71a597-8bf9-405e-9d70-adf7576992c0}</UniqueIdentifier>
    </Filter>
    <Filter Include="Исходные файлы\Scene">
      <UniqueIdentifier>{869673bd-6988-44b4-bb84-e3cefad9594a}</UniqueIdentifier>
    </Filter>
    <Filter Include="Файлы заголовков\Scene\Mesh">
      <UniqueIdentifier>{71a4dc86-6c7d-4601-80e8-ae7a229d5294}</UniqueIdentifier>
    </Filter>
    <Filter Include="Исходные файлы\Scene\Mesh">
      <UniqueIdentifier>{faf84c43-3edd-4785-8b32-1c9e5c2ce548}</UniqueIdentifier>
    </Filter>
    <Filter Include="Файлы заголовков\Engine">
      <UniqueIdentifier>{b7cf235d-0661-472f-9a21-0c2895a15209}</UniqueIdentifier>
    </Filter>
    <Filter Include="Файлы заголовков\Engine\Device">
      <UniqueIdentifier>{2acb5c33-3297-4963-b663-8cc98836be15}</UniqueIdentifier>
    </Filter>
    <Filter Include="Файлы заголовков\Engine\Other">
      <UniqueIdentifier>{3d8820ad-0f15-490a-88dd-eb7fd03788d2}</UniqueIdentifier>
    </Filter>
    <Filter Include="Файлы заголовков\Engine\Rendering">
      <UniqueIdentifier>{22574b2c-f0d1-4a67-88da-42d2ea061b28}</UniqueIdentifier>
    </Filter>
    <Filter Include="Исходные файлы\Engine">
      <UniqueIdentifier>{7a470124-682d-4eac-8516-c1d9fc393c5d}</UniqueIdentifier>
    </Filter>
    <Filter Include="Исходные файлы\Engine\Device">
      <UniqueIdentifier>{1cf1f2fb-0bb8-4689-84fa-2f6ad3a14ef0}</UniqueIdentifier>
    </Filter>
    <Filter Include="Исходные файлы\Engine\Other">
      <UniqueIdentifier>{e63213be-b5d5-4451-8ff6-fc2c6897251a}</UniqueIdentifier>
    </Filter>
    <Filter Include="Исходные файлы\Engine\Rendering">
      <UniqueIdentifier>{be8adc87-240d-4eb1-9426-949715dc027b}</UniqueIdentifier>
    </Filter>
    <Filter Include="Исходные файлы\Scene\Components">
      <UniqueIdentifier>{d3b322fe-d270-4a5c-a5c9-07edf3d751b9}</UniqueIdentifier>
    </Filter>
    <Filter Include="Исходные файлы\Scene\Models">
      <UniqueIdentifier>{0ead2906-725d-4a3b-9995-112bde4769e9}</UniqueIdentifier>
    </Filter>
    <Filter Include="Исходные файлы\Engine\Buffers">
      <UniqueIdentifier>{b4ce045f-5ede-4fcc-a436-8631e3a0ddad}</UniqueIdentifier>
    </Filter>
    <Filter Include="Исходные файлы\Engine\Images">
      <UniqueIdentifier>{728a3b59-0642-404f-9390-3473ab97fc85}</UniqueIdentifier>
    </Filter>
    <Filter Include="Исходные файлы\Engine\Rendering\RenderPasses">
      <UniqueIdentifier>{33b36251-9252-4da7-b752-89b6a31d5de6}</UniqueIdentifier>
    </Filter>
    <Filter Include="Файлы заголовков\Scene\Components">
      <UniqueIdentifier>{f5c954ae-b6d4-493a-a538-28256c52f611}</UniqueIdentifier>
    </Filter>
    <Filter Include="Файлы заголовков\Scene\Models">
      <UniqueIdentifier>{cd26914f-85c0-4cfd-969c-a84e157c5730}</UniqueIdentifier>
    </Filter>
    <Filter Include="Файлы заголовков\Engine\Buffers">
      <UniqueIdentifier>{2056c582-3376-4288-8a5a-303255d200ed}</UniqueIdentifier>
    </Filter>
    <Filter Include="Файлы заголовков\Engine\Images">
      <UniqueIdentifier>{8699a64c-1722-4b79-9fd3-0aa5dce5c3de}</UniqueIdentifier>
    </Filter>
    <Filter Include="Файлы заголовков\Engine\Rendering\RenderPasses">
      <UniqueIdentifier>{10315b15-6edd-48e6-983d-ef9710275833}</UniqueIdentifier>
    </Filter>
    <Filter Include="Исходные файлы\Scene\Data">
      <UniqueIdentifier>{d28d5e9c-9b4e-41c6-94d2-3280ee38cdcc}</UniqueIdentifier>
    </Filter>
    <Filter Include="Файлы заголовков\Scene\Data">
      <UniqueIdentifier>{4e8c01e8-d98b-4612-8262-d24dbb674e5c}</UniqueIdentifier>
    </Filter>
  </ItemGroup>
  <ItemGroup>
    <ClInclude Include="Device.h">
      <Filter>Файлы заголовков\Engine\Device</Filter>
    </ClInclude>
    <ClInclude Include="QueueFamilyIndices.h">
      <Filter>Файлы заголовков\Engine\Device</Filter>
    </ClInclude>
    <ClInclude Include="SurfaceSupportDetails.h">
      <Filter>Файлы заголовков\Engine\Device</Filter>
    </ClInclude>
    <ClInclude Include="Image.h">
      <Filter>Файлы заголовков\Engine\Images</Filter>
    </ClInclude>
    <ClInclude Include="SwapChainImage.h">
      <Filter>Файлы заголовков\Engine\Images</Filter>
    </ClInclude>
    <ClInclude Include="Window.h">
      <Filter>Файлы заголовков\App</Filter>
    </ClInclude>
    <ClInclude Include="File.h">
      <Filter>Файлы заголовков\Static</Filter>
    </ClInclude>
    <ClInclude Include="TextureImage.h">
      <Filter>Файлы заголовков\Engine\Images</Filter>
    </ClInclude>
    <ClInclude Include="SwapChain.h">
      <Filter>Файлы заголовков\Engine\Other</Filter>
    </ClInclude>
    <ClInclude Include="GraphicsPipeline.h">
      <Filter>Файлы заголовков\Engine\Rendering</Filter>
    </ClInclude>
    <ClInclude Include="ShaderModule.h">
      <Filter>Файлы заголовков\Engine\Rendering</Filter>
    </ClInclude>
    <ClInclude Include="Buffer.h">
      <Filter>Файлы заголовков\Engine\Buffers</Filter>
    </ClInclude>
    <ClInclude Include="StagingBuffer.h">
      <Filter>Файлы заголовков\Engine\Buffers</Filter>
    </ClInclude>
    <ClInclude Include="AssimpModel.h">
      <Filter>Файлы заголовков\Scene\Models</Filter>
    </ClInclude>
    <ClInclude Include="Instance.h">
      <Filter>Файлы заголовков\Engine\Other</Filter>
    </ClInclude>
    <ClInclude Include="Scene.h">
      <Filter>Файлы заголовков\Scene</Filter>
    </ClInclude>
    <ClInclude Include="SkyboxModel.h">
      <Filter>Файлы заголовков\Scene\Models</Filter>
    </ClInclude>
    <ClInclude Include="Model.h">
      <Filter>Файлы заголовков\Scene\Models</Filter>
    </ClInclude>
    <ClInclude Include="DescriptorPool.h">
      <Filter>Файлы заголовков\Engine\Other</Filter>
    </ClInclude>
    <ClInclude Include="Surface.h">
      <Filter>Файлы заголовков\Engine\Other</Filter>
    </ClInclude>
    <ClInclude Include="TerrainModel.h">
      <Filter>Файлы заголовков\Scene\Models</Filter>
    </ClInclude>
    <ClInclude Include="Mesh.h">
      <Filter>Файлы заголовков\Scene\Mesh</Filter>
    </ClInclude>
    <ClInclude Include="MeshBase.h">
      <Filter>Файлы заголовков\Scene\Mesh</Filter>
    </ClInclude>
    <ClInclude Include="Position.h">
      <Filter>Файлы заголовков\Scene\Mesh</Filter>
    </ClInclude>
    <ClInclude Include="Vertex.h">
      <Filter>Файлы заголовков\Scene\Mesh</Filter>
    </ClInclude>
    <ClInclude Include="FinalRenderPass.h">
      <Filter>Файлы заголовков\Engine\Rendering\RenderPasses</Filter>
    </ClInclude>
    <ClInclude Include="RenderPass.h">
      <Filter>Файлы заголовков\Engine\Rendering\RenderPasses</Filter>
    </ClInclude>
    <ClInclude Include="DepthRenderPass.h">
      <Filter>Файлы заголовков\Engine\Rendering\RenderPasses</Filter>
    </ClInclude>
    <ClInclude Include="GeometryRenderPass.h">
      <Filter>Файлы заголовков\Engine\Rendering\RenderPasses</Filter>
    </ClInclude>
    <ClInclude Include="LightingRenderPass.h">
      <Filter>Файлы заголовков\Engine\Rendering\RenderPasses</Filter>
    </ClInclude>
    <ClInclude Include="Material.h">
      <Filter>Файлы заголовков\Scene\Mesh</Filter>
    </ClInclude>
    <ClInclude Include="SsaoRenderPass.h">
      <Filter>Файлы заголовков\Engine\Rendering\RenderPasses</Filter>
    </ClInclude>
    <ClInclude Include="Settings.h">
      <Filter>Файлы заголовков\Engine\Other</Filter>
    </ClInclude>
    <ClInclude Include="Engine.h">
      <Filter>Файлы заголовков\Engine</Filter>
    </ClInclude>
    <ClInclude Include="Camera.h">
      <Filter>Файлы заголовков\Scene\Components</Filter>
    </ClInclude>
    <ClInclude Include="Lighting.h">
      <Filter>Файлы заголовков\Scene\Components</Filter>
    </ClInclude>
    <ClInclude Include="SsaoKernel.h">
      <Filter>Файлы заголовков\Scene\Components</Filter>
    </ClInclude>
    <ClInclude Include="Timer.h">
      <Filter>Файлы заголовков\Scene\Components</Filter>
    </ClInclude>
    <ClInclude Include="Space.h">
      <Filter>Файлы заголовков\Scene\Components</Filter>
    </ClInclude>
    <ClInclude Include="RgbaUNorm.h">
      <Filter>Файлы заголовков\Scene\Mesh</Filter>
    </ClInclude>
    <ClInclude Include="SceneDao.h">
      <Filter>Файлы заголовков\Scene\Data</Filter>
    </ClInclude>
    <ClInclude Include="ImageSetInfo.h">
      <Filter>Файлы заголовков\Scene\Data</Filter>
    </ClInclude>
    <ClInclude Include="Transformation.h">
      <Filter>Файлы заголовков\Scene\Models</Filter>
    </ClInclude>
    <ClInclude Include="PssmKernel.h">
      <Filter>Файлы заголовков\Scene\Components</Filter>
    </ClInclude>
  </ItemGroup>
  <ItemGroup>
    <ClCompile Include="Device.cpp">
      <Filter>Исходные файлы\Engine\Device</Filter>
    </ClCompile>
    <ClCompile Include="QueueFamilyIndices.cpp">
      <Filter>Исходные файлы\Engine\Device</Filter>
    </ClCompile>
    <ClCompile Include="SurfaceSupportDetails.cpp">
      <Filter>Исходные файлы\Engine\Device</Filter>
    </ClCompile>
    <ClCompile Include="Image.cpp">
      <Filter>Исходные файлы\Engine\Images</Filter>
    </ClCompile>
    <ClCompile Include="SwapChainImage.cpp">
      <Filter>Исходные файлы\Engine\Images</Filter>
    </ClCompile>
    <ClCompile Include="Window.cpp">
      <Filter>Исходные файлы\App</Filter>
    </ClCompile>
    <ClCompile Include="File.cpp">
      <Filter>Исходные файлы\Static</Filter>
    </ClCompile>
    <ClCompile Include="TextureImage.cpp">
      <Filter>Исходные файлы\Engine\Images</Filter>
    </ClCompile>
    <ClCompile Include="SwapChain.cpp">
      <Filter>Исходные файлы\Engine\Other</Filter>
    </ClCompile>
    <ClCompile Include="GraphicsPipeline.cpp">
      <Filter>Исходные файлы\Engine\Rendering</Filter>
    </ClCompile>
    <ClCompile Include="Buffer.cpp">
      <Filter>Исходные файлы\Engine\Buffers</Filter>
    </ClCompile>
    <ClCompile Include="StagingBuffer.cpp">
      <Filter>Исходные файлы\Engine\Buffers</Filter>
    </ClCompile>
    <ClCompile Include="AssimpModel.cpp">
      <Filter>Исходные файлы\Scene\Models</Filter>
    </ClCompile>
    <ClCompile Include="Instance.cpp">
      <Filter>Исходные файлы\Engine\Other</Filter>
    </ClCompile>
    <ClCompile Include="Scene.cpp">
      <Filter>Исходные файлы\Scene</Filter>
    </ClCompile>
    <ClCompile Include="SkyboxModel.cpp">
      <Filter>Исходные файлы\Scene\Models</Filter>
    </ClCompile>
    <ClCompile Include="Model.cpp">
      <Filter>Исходные файлы\Scene\Models</Filter>
    </ClCompile>
    <ClCompile Include="DescriptorPool.cpp">
      <Filter>Исходные файлы\Engine\Other</Filter>
    </ClCompile>
    <ClCompile Include="main.cpp">
      <Filter>Исходные файлы\App</Filter>
    </ClCompile>
    <ClCompile Include="Surface.cpp">
      <Filter>Исходные файлы\Engine\Other</Filter>
    </ClCompile>
    <ClCompile Include="TerrainModel.cpp">
      <Filter>Исходные файлы\Scene\Models</Filter>
    </ClCompile>
    <ClCompile Include="MeshBase.cpp">
      <Filter>Исходные файлы\Scene\Mesh</Filter>
    </ClCompile>
    <ClCompile Include="Vertex.cpp">
      <Filter>Исходные файлы\Scene\Mesh</Filter>
    </ClCompile>
    <ClCompile Include="Position.cpp">
      <Filter>Исходные файлы\Scene\Mesh</Filter>
    </ClCompile>
    <ClCompile Include="FinalRenderPass.cpp">
      <Filter>Исходные файлы\Engine\Rendering\RenderPasses</Filter>
    </ClCompile>
    <ClCompile Include="ShaderModule.cpp">
      <Filter>Исходные файлы\Engine\Rendering</Filter>
    </ClCompile>
    <ClCompile Include="RenderPass.cpp">
      <Filter>Исходные файлы\Engine\Rendering\RenderPasses</Filter>
    </ClCompile>
    <ClCompile Include="DepthRenderPass.cpp">
      <Filter>Исходные файлы\Engine\Rendering\RenderPasses</Filter>
    </ClCompile>
    <ClCompile Include="GeometryRenderPass.cpp">
      <Filter>Исходные файлы\Engine\Rendering\RenderPasses</Filter>
    </ClCompile>
    <ClCompile Include="LightingRenderPass.cpp">
      <Filter>Исходные файлы\Engine\Rendering\RenderPasses</Filter>
    </ClCompile>
    <ClCompile Include="Material.cpp">
      <Filter>Исходные файлы\Scene\Mesh</Filter>
    </ClCompile>
    <ClCompile Include="SsaoRenderPass.cpp">
      <Filter>Исходные файлы\Engine\Rendering\RenderPasses</Filter>
    </ClCompile>
    <ClCompile Include="Engine.cpp">
      <Filter>Исходные файлы\Engine</Filter>
    </ClCompile>
    <ClCompile Include="Camera.cpp">
      <Filter>Исходные файлы\Scene\Components</Filter>
    </ClCompile>
    <ClCompile Include="Lighting.cpp">
      <Filter>Исходные файлы\Scene\Components</Filter>
    </ClCompile>
    <ClCompile Include="SsaoKernel.cpp">
      <Filter>Исходные файлы\Scene\Components</Filter>
    </ClCompile>
    <ClCompile Include="Timer.cpp">
      <Filter>Исходные файлы\Scene\Components</Filter>
    </ClCompile>
    <ClCompile Include="SceneDao.cpp">
      <Filter>Исходные файлы\Scene\Data</Filter>
    </ClCompile>
    <ClCompile Include="Transformation.cpp">
      <Filter>Исходные файлы\Scene\Models</Filter>
    </ClCompile>
    <ClCompile Include="PssmKernel.cpp">
      <Filter>Исходные файлы\Scene\Components</Filter>
    </ClCompile>
  </ItemGroup>
</Project>