<?xml version="1.0" encoding="utf-8"?>
<Project ToolsVersion="4.0" xmlns="http://schemas.microsoft.com/developer/msbuild/2003">
  <ItemGroup>
    <Filter Include="Исходные файлы">
      <UniqueIdentifier>{4FC737F1-C7A5-4376-A066-2A32D752A2FF}</UniqueIdentifier>
      <Extensions>cpp;c;cc;cxx;def;odl;idl;hpj;bat;asm;asmx</Extensions>
    </Filter>
    <Filter Include="Файлы заголовков">
      <UniqueIdentifier>{93995380-89BD-4b04-88EB-625FBE52EBFB}</UniqueIdentifier>
      <Extensions>h;hh;hpp;hxx;hm;inl;inc;ipp;xsd</Extensions>
    </Filter>
    <Filter Include="Файлы ресурсов">
      <UniqueIdentifier>{67DA6AB6-F800-4c08-8B7A-83BB121AAD01}</UniqueIdentifier>
      <Extensions>rc;ico;cur;bmp;dlg;rc2;rct;bin;rgs;gif;jpg;jpeg;jpe;resx;tiff;tif;png;wav;mfcribbon-ms</Extensions>
    </Filter>
    <Filter Include="Исходные файлы\Vulkan">
      <UniqueIdentifier>{7a470124-682d-4eac-8516-c1d9fc393c5d}</UniqueIdentifier>
    </Filter>
    <Filter Include="Файлы заголовков\Vulkan">
      <UniqueIdentifier>{b7cf235d-0661-472f-9a21-0c2895a15209}</UniqueIdentifier>
    </Filter>
    <Filter Include="Исходные файлы\Vulkan\Device">
      <UniqueIdentifier>{1cf1f2fb-0bb8-4689-84fa-2f6ad3a14ef0}</UniqueIdentifier>
    </Filter>
    <Filter Include="Файлы заголовков\Vulkan\Device">
      <UniqueIdentifier>{2acb5c33-3297-4963-b663-8cc98836be15}</UniqueIdentifier>
    </Filter>
    <Filter Include="Файлы заголовков\Vulkan\Image">
      <UniqueIdentifier>{8699a64c-1722-4b79-9fd3-0aa5dce5c3de}</UniqueIdentifier>
    </Filter>
    <Filter Include="Исходные файлы\Vulkan\Image">
      <UniqueIdentifier>{728a3b59-0642-404f-9390-3473ab97fc85}</UniqueIdentifier>
    </Filter>
    <Filter Include="Исходные файлы\App">
      <UniqueIdentifier>{fa012e63-ae60-441a-bacd-42a4d51f6f11}</UniqueIdentifier>
    </Filter>
    <Filter Include="Файлы заголовков\App">
      <UniqueIdentifier>{c80c53d9-931d-4561-b2f2-c59b20d93157}</UniqueIdentifier>
    </Filter>
    <Filter Include="Исходные файлы\Static">
      <UniqueIdentifier>{58a7fb04-320a-46d2-a71f-1a78cff94d99}</UniqueIdentifier>
    </Filter>
    <Filter Include="Файлы заголовков\Static">
      <UniqueIdentifier>{02dadbed-8ac5-4cca-85c6-31981a8247a1}</UniqueIdentifier>
    </Filter>
    <Filter Include="Файлы заголовков\Vulkan\Other">
      <UniqueIdentifier>{3d8820ad-0f15-490a-88dd-eb7fd03788d2}</UniqueIdentifier>
    </Filter>
    <Filter Include="Исходные файлы\Vulkan\Other">
      <UniqueIdentifier>{e63213be-b5d5-4451-8ff6-fc2c6897251a}</UniqueIdentifier>
    </Filter>
    <Filter Include="Исходные файлы\Vulkan\Rendering">
      <UniqueIdentifier>{be8adc87-240d-4eb1-9426-949715dc027b}</UniqueIdentifier>
    </Filter>
    <Filter Include="Файлы заголовков\Vulkan\Rendering">
      <UniqueIdentifier>{22574b2c-f0d1-4a67-88da-42d2ea061b28}</UniqueIdentifier>
    </Filter>
    <Filter Include="Исходные файлы\Vulkan\Buffer">
      <UniqueIdentifier>{b4ce045f-5ede-4fcc-a436-8631e3a0ddad}</UniqueIdentifier>
    </Filter>
    <Filter Include="Файлы заголовков\Vulkan\Buffer">
      <UniqueIdentifier>{2056c582-3376-4288-8a5a-303255d200ed}</UniqueIdentifier>
    </Filter>
    <Filter Include="Файлы заголовков\Scene">
      <UniqueIdentifier>{3f71a597-8bf9-405e-9d70-adf7576992c0}</UniqueIdentifier>
    </Filter>
    <Filter Include="Исходные файлы\Scene">
      <UniqueIdentifier>{869673bd-6988-44b4-bb84-e3cefad9594a}</UniqueIdentifier>
    </Filter>
    <Filter Include="Файлы заголовков\Scene\Model">
      <UniqueIdentifier>{cd26914f-85c0-4cfd-969c-a84e157c5730}</UniqueIdentifier>
    </Filter>
    <Filter Include="Исходные файлы\Scene\Model">
      <UniqueIdentifier>{0ead2906-725d-4a3b-9995-112bde4769e9}</UniqueIdentifier>
    </Filter>
    <Filter Include="Файлы заголовков\Scene\Struct">
      <UniqueIdentifier>{9810e5ab-46f2-4ecd-8590-94e3b693476a}</UniqueIdentifier>
    </Filter>
  </ItemGroup>
  <ItemGroup>
    <ClInclude Include="Device.h">
      <Filter>Файлы заголовков\Vulkan\Device</Filter>
    </ClInclude>
    <ClInclude Include="QueueFamilyIndices.h">
      <Filter>Файлы заголовков\Vulkan\Device</Filter>
    </ClInclude>
    <ClInclude Include="SurfaceSupportDetails.h">
      <Filter>Файлы заголовков\Vulkan\Device</Filter>
    </ClInclude>
    <ClInclude Include="Vulkan.h">
      <Filter>Файлы заголовков\Vulkan</Filter>
    </ClInclude>
    <ClInclude Include="Image.h">
      <Filter>Файлы заголовков\Vulkan\Image</Filter>
    </ClInclude>
    <ClInclude Include="SwapChainImage.h">
      <Filter>Файлы заголовков\Vulkan\Image</Filter>
    </ClInclude>
    <ClInclude Include="Window.h">
      <Filter>Файлы заголовков\App</Filter>
    </ClInclude>
    <ClInclude Include="File.h">
      <Filter>Файлы заголовков\Static</Filter>
    </ClInclude>
    <ClInclude Include="Vertex.h">
      <Filter>Файлы заголовков\Scene\Model</Filter>
    </ClInclude>
    <ClInclude Include="TextureImage.h">
      <Filter>Файлы заголовков\Vulkan\Image</Filter>
    </ClInclude>
    <ClInclude Include="SwapChain.h">
      <Filter>Файлы заголовков\Vulkan\Other</Filter>
    </ClInclude>
    <ClInclude Include="Timer.h">
      <Filter>Файлы заголовков\Scene</Filter>
    </ClInclude>
    <ClInclude Include="Camera.h">
      <Filter>Файлы заголовков\Scene</Filter>
    </ClInclude>
    <ClInclude Include="GraphicsPipeline.h">
      <Filter>Файлы заголовков\Vulkan\Rendering</Filter>
    </ClInclude>
    <ClInclude Include="RenderPass.h">
      <Filter>Файлы заголовков\Vulkan\Rendering</Filter>
    </ClInclude>
    <ClInclude Include="ShaderModule.h">
      <Filter>Файлы заголовков\Vulkan\Rendering</Filter>
    </ClInclude>
    <ClInclude Include="Position.h">
      <Filter>Файлы заголовков\Scene\Model</Filter>
    </ClInclude>
    <ClInclude Include="Buffer.h">
      <Filter>Файлы заголовков\Vulkan\Buffer</Filter>
    </ClInclude>
    <ClInclude Include="StagingBuffer.h">
      <Filter>Файлы заголовков\Vulkan\Buffer</Filter>
    </ClInclude>
    <ClInclude Include="AssimpModel.h">
      <Filter>Файлы заголовков\Scene\Model</Filter>
    </ClInclude>
    <ClInclude Include="Instance.h">
      <Filter>Файлы заголовков\Vulkan\Other</Filter>
    </ClInclude>
    <ClInclude Include="Scene.h">
      <Filter>Файлы заголовков\Scene</Filter>
    </ClInclude>
    <ClInclude Include="SkyboxModel.h">
      <Filter>Файлы заголовков\Scene\Model</Filter>
    </ClInclude>
    <ClInclude Include="Model.h">
      <Filter>Файлы заголовков\Scene\Model</Filter>
    </ClInclude>
    <ClInclude Include="DescriptorPool.h">
      <Filter>Файлы заголовков\Vulkan\Other</Filter>
    </ClInclude>
    <ClInclude Include="Lighting.h">
      <Filter>Файлы заголовков\Scene\Struct</Filter>
    </ClInclude>
    <ClInclude Include="Mesh.h">
      <Filter>Файлы заголовков\Scene\Model</Filter>
    </ClInclude>
    <ClInclude Include="Material.h">
      <Filter>Файлы заголовков\Scene\Model</Filter>
    </ClInclude>
    <ClInclude Include="MeshBase.h">
      <Filter>Файлы заголовков\Scene\Model</Filter>
    </ClInclude>
    <ClInclude Include="Controller.h">
      <Filter>Файлы заголовков\App</Filter>
    </ClInclude>
    <ClInclude Include="Surface.h">
      <Filter>Файлы заголовков\Vulkan\Other</Filter>
    </ClInclude>
    <ClInclude Include="ViewProjMatrices.h">
      <Filter>Файлы заголовков\Scene\Struct</Filter>
    </ClInclude>
  </ItemGroup>
  <ItemGroup>
    <ClCompile Include="Device.cpp">
      <Filter>Исходные файлы\Vulkan\Device</Filter>
    </ClCompile>
    <ClCompile Include="QueueFamilyIndices.cpp">
      <Filter>Исходные файлы\Vulkan\Device</Filter>
    </ClCompile>
    <ClCompile Include="SurfaceSupportDetails.cpp">
      <Filter>Исходные файлы\Vulkan\Device</Filter>
    </ClCompile>
    <ClCompile Include="Vulkan.cpp">
      <Filter>Исходные файлы\Vulkan</Filter>
    </ClCompile>
    <ClCompile Include="Image.cpp">
      <Filter>Исходные файлы\Vulkan\Image</Filter>
    </ClCompile>
    <ClCompile Include="SwapChainImage.cpp">
      <Filter>Исходные файлы\Vulkan\Image</Filter>
    </ClCompile>
    <ClCompile Include="Window.cpp">
      <Filter>Исходные файлы\App</Filter>
    </ClCompile>
    <ClCompile Include="File.cpp">
      <Filter>Исходные файлы\Static</Filter>
    </ClCompile>
    <ClCompile Include="Vertex.cpp">
      <Filter>Исходные файлы\Scene\Model</Filter>
    </ClCompile>
    <ClCompile Include="TextureImage.cpp">
      <Filter>Исходные файлы\Vulkan\Image</Filter>
    </ClCompile>
    <ClCompile Include="SwapChain.cpp">
      <Filter>Исходные файлы\Vulkan\Other</Filter>
    </ClCompile>
    <ClCompile Include="Timer.cpp">
      <Filter>Исходные файлы\Scene</Filter>
    </ClCompile>
    <ClCompile Include="Camera.cpp">
      <Filter>Исходные файлы\Scene</Filter>
    </ClCompile>
    <ClCompile Include="GraphicsPipeline.cpp">
      <Filter>Исходные файлы\Vulkan\Rendering</Filter>
    </ClCompile>
    <ClCompile Include="RenderPass.cpp">
      <Filter>Исходные файлы\Vulkan\Rendering</Filter>
    </ClCompile>
    <ClCompile Include="ShaderModule.cpp">
      <Filter>Исходные файлы\Vulkan\Rendering</Filter>
    </ClCompile>
    <ClCompile Include="Position.cpp">
      <Filter>Исходные файлы\Scene\Model</Filter>
    </ClCompile>
    <ClCompile Include="Buffer.cpp">
      <Filter>Исходные файлы\Vulkan\Buffer</Filter>
    </ClCompile>
    <ClCompile Include="StagingBuffer.cpp">
      <Filter>Исходные файлы\Vulkan\Buffer</Filter>
    </ClCompile>
    <ClCompile Include="AssimpModel.cpp">
      <Filter>Исходные файлы\Scene\Model</Filter>
    </ClCompile>
    <ClCompile Include="Instance.cpp">
      <Filter>Исходные файлы\Vulkan\Other</Filter>
    </ClCompile>
    <ClCompile Include="Scene.cpp">
      <Filter>Исходные файлы\Scene</Filter>
    </ClCompile>
    <ClCompile Include="SkyboxModel.cpp">
      <Filter>Исходные файлы\Scene\Model</Filter>
    </ClCompile>
    <ClCompile Include="Model.cpp">
      <Filter>Исходные файлы\Scene\Model</Filter>
    </ClCompile>
    <ClCompile Include="DescriptorPool.cpp">
      <Filter>Исходные файлы\Vulkan\Other</Filter>
    </ClCompile>
    <ClCompile Include="Material.cpp">
      <Filter>Исходные файлы\Scene\Model</Filter>
    </ClCompile>
    <ClCompile Include="MeshBase.cpp">
      <Filter>Исходные файлы\Scene\Model</Filter>
    </ClCompile>
    <ClCompile Include="Controller.cpp">
      <Filter>Исходные файлы\App</Filter>
    </ClCompile>
    <ClCompile Include="main.cpp">
      <Filter>Исходные файлы\App</Filter>
    </ClCompile>
    <ClCompile Include="Surface.cpp">
      <Filter>Исходные файлы\Vulkan\Other</Filter>
    </ClCompile>
  </ItemGroup>
</Project>